
Microsoft Visual Studio Solution File, Format Version 12.00
# Visual Studio Version 16
VisualStudioVersion = 16.0.30621.155
MinimumVisualStudioVersion = 10.0.40219.1
Project("{FAE04EC0-301F-11D3-BF4B-00C04F79EFBC}") = "SoftkitDownload", "SoftkitDownload\SoftkitDownload.csproj", "{DA3540DB-F048-49FA-8BEE-4B1F1262A868}"
EndProject
Project("{2150E333-8FDC-42A3-9474-1A3956D46DE8}") = "Solution Items", "Solution Items", "{D0CFDBAC-7C05-4583-80D3-B190E3F86D85}"
	ProjectSection(SolutionItems) = preProject
		Local.testsettings = Local.testsettings
	EndProjectSection
EndProject
Global
	GlobalSection(SolutionConfigurationPlatforms) = preSolution
		Debug|Any CPU = Debug|Any CPU
		Release|Any CPU = Release|Any CPU
	EndGlobalSection
	GlobalSection(ProjectConfigurationPlatforms) = postSolution
		{DA3540DB-F048-49FA-8BEE-4B1F1262A868}.Debug|Any CPU.ActiveCfg = Debug|Any CPU
		{DA3540DB-F048-49FA-8BEE-4B1F1262A868}.Debug|Any CPU.Build.0 = Debug|Any CPU
		{DA3540DB-F048-49FA-8BEE-4B1F1262A868}.Release|Any CPU.ActiveCfg = Release|Any CPU
		{DA3540DB-F048-49FA-8BEE-4B1F1262A868}.Release|Any CPU.Build.0 = Release|Any CPU
	EndGlobalSection
	GlobalSection(SolutionProperties) = preSolution
		HideSolutionNode = FALSE
	EndGlobalSection
	GlobalSection(ExtensibilityGlobals) = postSolution
		SolutionGuid = {2AD110ED-053F-471A-8045-1C1ABEDA2A70}
	EndGlobalSection
EndGlobal
